
Microsoft Visual Studio Solution File, Format Version 12.00
# Visual Studio Version 17
VisualStudioVersion = 17.2.32519.379
MinimumVisualStudioVersion = 10.0.40219.1
Project("{9A19103F-16F7-4668-BE54-9A1E7A4F7556}") = "UniversityWebApi", "UniversityWebApi\UniversityWebApi.csproj", "{CEA358A7-16DF-4CB4-9D55-5A8171FA332D}"
EndProject
Project("{9A19103F-16F7-4668-BE54-9A1E7A4F7556}") = "StudentService", "StudentService\StudentService.csproj", "{EA3575A6-597A-45D7-9E0B-7D5788441C43}"
EndProject
Project("{E53339B2-1760-4266-BCC7-CA923CBCF16C}") = "docker-compose", "docker-compose.dcproj", "{6DC8A555-75B7-46E6-AAAA-4001BDDBC8AA}"
EndProject
Global
	GlobalSection(SolutionConfigurationPlatforms) = preSolution
		Debug|Any CPU = Debug|Any CPU
		Release|Any CPU = Release|Any CPU
	EndGlobalSection
	GlobalSection(ProjectConfigurationPlatforms) = postSolution
		{CEA358A7-16DF-4CB4-9D55-5A8171FA332D}.Debug|Any CPU.ActiveCfg = Debug|Any CPU
		{CEA358A7-16DF-4CB4-9D55-5A8171FA332D}.Debug|Any CPU.Build.0 = Debug|Any CPU
		{CEA358A7-16DF-4CB4-9D55-5A8171FA332D}.Release|Any CPU.ActiveCfg = Release|Any CPU
		{CEA358A7-16DF-4CB4-9D55-5A8171FA332D}.Release|Any CPU.Build.0 = Release|Any CPU
		{EA3575A6-597A-45D7-9E0B-7D5788441C43}.Debug|Any CPU.ActiveCfg = Debug|Any CPU
		{EA3575A6-597A-45D7-9E0B-7D5788441C43}.Debug|Any CPU.Build.0 = Debug|Any CPU
		{EA3575A6-597A-45D7-9E0B-7D5788441C43}.Release|Any CPU.ActiveCfg = Release|Any CPU
		{EA3575A6-597A-45D7-9E0B-7D5788441C43}.Release|Any CPU.Build.0 = Release|Any CPU
		{6DC8A555-75B7-46E6-AAAA-4001BDDBC8AA}.Debug|Any CPU.ActiveCfg = Debug|Any CPU
		{6DC8A555-75B7-46E6-AAAA-4001BDDBC8AA}.Debug|Any CPU.Build.0 = Debug|Any CPU
		{6DC8A555-75B7-46E6-AAAA-4001BDDBC8AA}.Release|Any CPU.ActiveCfg = Release|Any CPU
		{6DC8A555-75B7-46E6-AAAA-4001BDDBC8AA}.Release|Any CPU.Build.0 = Release|Any CPU
	EndGlobalSection
	GlobalSection(SolutionProperties) = preSolution
		HideSolutionNode = FALSE
	EndGlobalSection
	GlobalSection(ExtensibilityGlobals) = postSolution
		SolutionGuid = {02350D36-E26E-41D6-84E4-EDC307E61088}
	EndGlobalSection
EndGlobal
